
Microsoft Visual Studio Solution File, Format Version 12.00
# Visual Studio Version 17
VisualStudioVersion = 17.8.34330.188
MinimumVisualStudioVersion = 10.0.40219.1
Project("{9A19103F-16F7-4668-BE54-9A1E7A4F7556}") = "MQTTPublisher", "MQTTPublisher.csproj", "{6656D633-EE58-4DF9-8BF0-BBF99404A764}"
EndProject
Project("{9A19103F-16F7-4668-BE54-9A1E7A4F7556}") = "MQTTSubscriber", "..\MQTTSubscriber\MQTTSubscriber.csproj", "{6D8A9514-2DF7-4325-A51C-95BF21935CBD}"
EndProject
Global
	GlobalSection(SolutionConfigurationPlatforms) = preSolution
		Debug|Any CPU = Debug|Any CPU
		Release|Any CPU = Release|Any CPU
	EndGlobalSection
	GlobalSection(ProjectConfigurationPlatforms) = postSolution
		{6656D633-EE58-4DF9-8BF0-BBF99404A764}.Debug|Any CPU.ActiveCfg = Debug|Any CPU
		{6656D633-EE58-4DF9-8BF0-BBF99404A764}.Debug|Any CPU.Build.0 = Debug|Any CPU
		{6656D633-EE58-4DF9-8BF0-BBF99404A764}.Release|Any CPU.ActiveCfg = Release|Any CPU
		{6656D633-EE58-4DF9-8BF0-BBF99404A764}.Release|Any CPU.Build.0 = Release|Any CPU
		{6D8A9514-2DF7-4325-A51C-95BF21935CBD}.Debug|Any CPU.ActiveCfg = Debug|Any CPU
		{6D8A9514-2DF7-4325-A51C-95BF21935CBD}.Debug|Any CPU.Build.0 = Debug|Any CPU
		{6D8A9514-2DF7-4325-A51C-95BF21935CBD}.Release|Any CPU.ActiveCfg = Release|Any CPU
		{6D8A9514-2DF7-4325-A51C-95BF21935CBD}.Release|Any CPU.Build.0 = Release|Any CPU
	EndGlobalSection
	GlobalSection(SolutionProperties) = preSolution
		HideSolutionNode = FALSE
	EndGlobalSection
	GlobalSection(ExtensibilityGlobals) = postSolution
		SolutionGuid = {24DAD324-5478-41FD-BC3C-9E82DC41D7DE}
	EndGlobalSection
EndGlobal
